PODS:
  - Carbon-flow (1.0.1):
    - DifferenceKit
  - CleanJSON (1.0.9)
  - DifferenceKit (1.3.0):
    - DifferenceKit/Core (= 1.3.0)
    - DifferenceKit/UIKitExtension (= 1.3.0)
  - DifferenceKit/Core (1.3.0)
  - DifferenceKit/UIKitExtension (1.3.0):
    - DifferenceKit/Core
  - MMKV (1.2.14):
    - MMKVCore (~> 1.2.14)
  - MMKVCore (1.2.14)
  - RxCocoa (5.1.3):
    - RxRelay (~> 5)
    - RxSwift (~> 5)
  - RxRelay (5.1.3):
    - RxSwift (~> 5)
  - RxSwift (5.1.3)
  - ToolCollection (0.7.6):
    - Carbon-flow (~> 1.0.1)
    - CleanJSON
    - DifferenceKit
    - MMKV
    - RxCocoa (~> 5)
    - RxSwift (~> 5)

DEPENDENCIES:
  - ToolCollection (from `../`)

SPEC REPOS:
  https://github.com/CocoaPods/Specs.git:
    - Carbon-flow
    - CleanJSON
    - DifferenceKit
    - MMKV
    - MMKVCore
    - RxCocoa
    - RxRelay
    - RxSwift

EXTERNAL SOURCES:
  ToolCollection:
    :path: "../"

SPEC CHECKSUMS:
  Carbon-flow: a0c2ab607c65f19cfa3fce44a77e12b2f7ee1a49
  CleanJSON: 910a36465ce4829e264a902ccf6d1455fdd9f980
  DifferenceKit: ab185c4d7f9cef8af3fcf593e5b387fb81e999ca
  MMKV: 9c4663aa7ca255d478ff10f2f5cb7d17c1651ccd
  MMKVCore: 89f5c8a66bba2dcd551779dea4d412eeec8ff5bb
  RxCocoa: e2ed092d5432e4296aa818021d27de4090ac0354
  RxRelay: 5a18c2eb2d68326ebaf0112f80d837ae41b92b97
  RxSwift: 915abbdfb62214aa89ccd0b194d44fb478019b27
  ToolCollection: 6d8819ef8ed2f4a03651c235fe9d969c3a97cf28

PODFILE CHECKSUM: 18dc0ab97d30142ac642bce1a3857b5875267770

COCOAPODS: 1.11.3
