PODS:
  - DifferenceKit (1.1.3):
    - DifferenceKit/Core (= 1.1.3)
    - DifferenceKit/UIKitExtension (= 1.1.3)
  - DifferenceKit/Core (1.1.3)
  - DifferenceKit/UIKitExtension (1.1.3):
    - DifferenceKit/Core
  - MMKV (1.0.23)
  - QMUIKit (3.2.1):
    - QMUIKit/QMUIComponents (= 3.2.1)
    - QMUIKit/QMUICore (= 3.2.1)
    - QMUIKit/QMUILog (= 3.2.1)
    - QMUIKit/QMUIMainFrame (= 3.2.1)
    - QMUIKit/QMUIResources (= 3.2.1)
    - QMUIKit/QMUIWeakObjectContainer (= 3.2.1)
  - QMUIKit/QMUIComponents (3.2.1):
    - QMUIKit/QMUIComponents/NavigationBarTransition (= 3.2.1)
    - QMUIKit/QMUIComponents/QMUIAlertController (= 3.2.1)
    - QMUIKit/QMUIComponents/QMUIAssetLibrary (= 3.2.1)
    - QMUIKit/QMUIComponents/QMUIBadge (= 3.2.1)
    - QMUIKit/QMUIComponents/QMUIButton (= 3.2.1)
    - QMUIKit/QMUIComponents/QMUICAAnimationExtension (= 3.2.1)
    - QMUIKit/QMUIComponents/QMUICellHeightCache (= 3.2.1)
    - QMUIKit/QMUIComponents/QMUICellHeightKeyCache (= 3.2.1)
    - QMUIKit/QMUIComponents/QMUICellSizeKeyCache (= 3.2.1)
    - QMUIKit/QMUIComponents/QMUICollectionViewPagingLayout (= 3.2.1)
    - QMUIKit/QMUIComponents/QMUIConsole (= 3.2.1)
    - QMUIKit/QMUIComponents/QMUIDialogViewController (= 3.2.1)
    - QMUIKit/QMUIComponents/QMUIEmotionInputManager (= 3.2.1)
    - QMUIKit/QMUIComponents/QMUIEmotionView (= 3.2.1)
    - QMUIKit/QMUIComponents/QMUIEmptyView (= 3.2.1)
    - QMUIKit/QMUIComponents/QMUIFillButton (= 3.2.1)
    - QMUIKit/QMUIComponents/QMUIFloatLayoutView (= 3.2.1)
    - QMUIKit/QMUIComponents/QMUIGhostButton (= 3.2.1)
    - QMUIKit/QMUIComponents/QMUIGridView (= 3.2.1)
    - QMUIKit/QMUIComponents/QMUIImagePickerLibrary (= 3.2.1)
    - QMUIKit/QMUIComponents/QMUIImagePreviewView (= 3.2.1)
    - QMUIKit/QMUIComponents/QMUIKeyboardManager (= 3.2.1)
    - QMUIKit/QMUIComponents/QMUILabel (= 3.2.1)
    - QMUIKit/QMUIComponents/QMUILinkButton (= 3.2.1)
    - QMUIKit/QMUIComponents/QMUILogManagerViewController (= 3.2.1)
    - QMUIKit/QMUIComponents/QMUILogWithConfigurationSupported (= 3.2.1)
    - QMUIKit/QMUIComponents/QMUIMarqueeLabel (= 3.2.1)
    - QMUIKit/QMUIComponents/QMUIModalPresentationViewController (= 3.2.1)
    - QMUIKit/QMUIComponents/QMUIMoreOperationController (= 3.2.1)
    - QMUIKit/QMUIComponents/QMUIMultipleDelegates (= 3.2.1)
    - QMUIKit/QMUIComponents/QMUINavigationButton (= 3.2.1)
    - QMUIKit/QMUIComponents/QMUINavigationTitleView (= 3.2.1)
    - QMUIKit/QMUIComponents/QMUIOrderedDictionary (= 3.2.1)
    - QMUIKit/QMUIComponents/QMUIPieProgressView (= 3.2.1)
    - QMUIKit/QMUIComponents/QMUIPopupContainerView (= 3.2.1)
    - QMUIKit/QMUIComponents/QMUIPopupMenuView (= 3.2.1)
    - QMUIKit/QMUIComponents/QMUIScrollAnimator (= 3.2.1)
    - QMUIKit/QMUIComponents/QMUISearchBar (= 3.2.1)
    - QMUIKit/QMUIComponents/QMUISearchController (= 3.2.1)
    - QMUIKit/QMUIComponents/QMUISegmentedControl (= 3.2.1)
    - QMUIKit/QMUIComponents/QMUISlider (= 3.2.1)
    - QMUIKit/QMUIComponents/QMUIStaticTableView (= 3.2.1)
    - QMUIKit/QMUIComponents/QMUITableView (= 3.2.1)
    - QMUIKit/QMUIComponents/QMUITableViewCell (= 3.2.1)
    - QMUIKit/QMUIComponents/QMUITableViewHeaderFooterView (= 3.2.1)
    - QMUIKit/QMUIComponents/QMUITableViewProtocols (= 3.2.1)
    - QMUIKit/QMUIComponents/QMUITestView (= 3.2.1)
    - QMUIKit/QMUIComponents/QMUITextField (= 3.2.1)
    - QMUIKit/QMUIComponents/QMUITextView (= 3.2.1)
    - QMUIKit/QMUIComponents/QMUITips (= 3.2.1)
    - QMUIKit/QMUIComponents/QMUIToastView (= 3.2.1)
    - QMUIKit/QMUIComponents/QMUIToolbarButton (= 3.2.1)
    - QMUIKit/QMUIComponents/QMUIVisualEffectView (= 3.2.1)
    - QMUIKit/QMUIComponents/QMUIZoomImageView (= 3.2.1)
    - QMUIKit/QMUICore
  - QMUIKit/QMUIComponents/NavigationBarTransition (3.2.1):
    - QMUIKit/QMUIComponents/QMUINavigationTitleView
    - QMUIKit/QMUICore
    - QMUIKit/QMUIMainFrame
  - QMUIKit/QMUIComponents/QMUIAlertController (3.2.1):
    - QMUIKit/QMUIComponents/QMUIButton
    - QMUIKit/QMUIComponents/QMUIModalPresentationViewController
    - QMUIKit/QMUIComponents/QMUITextField
    - QMUIKit/QMUICore
  - QMUIKit/QMUIComponents/QMUIAssetLibrary (3.2.1):
    - QMUIKit/QMUICore
  - QMUIKit/QMUIComponents/QMUIBadge (3.2.1):
    - QMUIKit/QMUIComponents/QMUILabel
    - QMUIKit/QMUICore
  - QMUIKit/QMUIComponents/QMUIButton (3.2.1):
    - QMUIKit/QMUICore
  - QMUIKit/QMUIComponents/QMUICAAnimationExtension (3.2.1):
    - QMUIKit/QMUIComponents/QMUIMultipleDelegates
    - QMUIKit/QMUICore
  - QMUIKit/QMUIComponents/QMUICellHeightCache (3.2.1):
    - QMUIKit/QMUIComponents/QMUITableViewProtocols
    - QMUIKit/QMUICore
  - QMUIKit/QMUIComponents/QMUICellHeightKeyCache (3.2.1):
    - QMUIKit/QMUIComponents/QMUIMultipleDelegates
    - QMUIKit/QMUIComponents/QMUITableViewProtocols
    - QMUIKit/QMUICore
  - QMUIKit/QMUIComponents/QMUICellSizeKeyCache (3.2.1):
    - QMUIKit/QMUIComponents/QMUIMultipleDelegates
    - QMUIKit/QMUICore
  - QMUIKit/QMUIComponents/QMUICollectionViewPagingLayout (3.2.1):
    - QMUIKit/QMUICore
  - QMUIKit/QMUIComponents/QMUIConsole (3.2.1):
    - QMUIKit/QMUIComponents/QMUIButton
    - QMUIKit/QMUIComponents/QMUICAAnimationExtension
    - QMUIKit/QMUIComponents/QMUIPopupMenuView
    - QMUIKit/QMUIComponents/QMUITextField
    - QMUIKit/QMUIComponents/QMUITextView
    - QMUIKit/QMUICore
  - QMUIKit/QMUIComponents/QMUIDialogViewController (3.2.1):
    - QMUIKit/QMUIComponents/QMUIButton
    - QMUIKit/QMUIComponents/QMUILabel
    - QMUIKit/QMUIComponents/QMUIModalPresentationViewController
    - QMUIKit/QMUIComponents/QMUINavigationTitleView
    - QMUIKit/QMUIComponents/QMUITableView
    - QMUIKit/QMUIComponents/QMUITableViewCell
    - QMUIKit/QMUIComponents/QMUITextField
    - QMUIKit/QMUICore
    - QMUIKit/QMUIMainFrame
  - QMUIKit/QMUIComponents/QMUIEmotionInputManager (3.2.1):
    - QMUIKit/QMUIComponents/QMUIEmotionView
    - QMUIKit/QMUICore
  - QMUIKit/QMUIComponents/QMUIEmotionView (3.2.1):
    - QMUIKit/QMUIComponents/QMUIButton
    - QMUIKit/QMUICore
    - QMUIKit/QMUIResources
  - QMUIKit/QMUIComponents/QMUIEmptyView (3.2.1):
    - QMUIKit/QMUIComponents/QMUIButton
    - QMUIKit/QMUICore
  - QMUIKit/QMUIComponents/QMUIFillButton (3.2.1):
    - QMUIKit/QMUIComponents/QMUIButton
    - QMUIKit/QMUICore
  - QMUIKit/QMUIComponents/QMUIFloatLayoutView (3.2.1):
    - QMUIKit/QMUICore
  - QMUIKit/QMUIComponents/QMUIGhostButton (3.2.1):
    - QMUIKit/QMUIComponents/QMUIButton
    - QMUIKit/QMUICore
  - QMUIKit/QMUIComponents/QMUIGridView (3.2.1):
    - QMUIKit/QMUICore
  - QMUIKit/QMUIComponents/QMUIImagePickerLibrary (3.2.1):
    - QMUIKit/QMUIComponents/QMUIAlertController
    - QMUIKit/QMUIComponents/QMUIAssetLibrary
    - QMUIKit/QMUIComponents/QMUIButton
    - QMUIKit/QMUIComponents/QMUIEmptyView
    - QMUIKit/QMUIComponents/QMUIImagePreviewView
    - QMUIKit/QMUIComponents/QMUINavigationButton
    - QMUIKit/QMUIComponents/QMUITableViewCell
    - QMUIKit/QMUIComponents/QMUIZoomImageView
    - QMUIKit/QMUICore
    - QMUIKit/QMUIMainFrame
    - QMUIKit/QMUIResources
  - QMUIKit/QMUIComponents/QMUIImagePreviewView (3.2.1):
    - QMUIKit/QMUIComponents/QMUIButton
    - QMUIKit/QMUIComponents/QMUICollectionViewPagingLayout
    - QMUIKit/QMUIComponents/QMUIEmptyView
    - QMUIKit/QMUIComponents/QMUIPieProgressView
    - QMUIKit/QMUIComponents/QMUIZoomImageView
    - QMUIKit/QMUICore
    - QMUIKit/QMUIMainFrame
  - QMUIKit/QMUIComponents/QMUIKeyboardManager (3.2.1):
    - QMUIKit/QMUICore
  - QMUIKit/QMUIComponents/QMUILabel (3.2.1):
    - QMUIKit/QMUICore
  - QMUIKit/QMUIComponents/QMUILinkButton (3.2.1):
    - QMUIKit/QMUIComponents/QMUIButton
    - QMUIKit/QMUICore
  - QMUIKit/QMUIComponents/QMUILogManagerViewController (3.2.1):
    - QMUIKit/QMUIComponents/QMUIPopupMenuView
    - QMUIKit/QMUIComponents/QMUISearchController
    - QMUIKit/QMUIComponents/QMUIStaticTableView
    - QMUIKit/QMUIComponents/QMUITableView
    - QMUIKit/QMUICore
    - QMUIKit/QMUIMainFrame
  - QMUIKit/QMUIComponents/QMUILogWithConfigurationSupported (3.2.1):
    - QMUIKit/QMUICore
  - QMUIKit/QMUIComponents/QMUIMarqueeLabel (3.2.1):
    - QMUIKit/QMUICore
  - QMUIKit/QMUIComponents/QMUIModalPresentationViewController (3.2.1):
    - QMUIKit/QMUIComponents/QMUIKeyboardManager
    - QMUIKit/QMUICore
  - QMUIKit/QMUIComponents/QMUIMoreOperationController (3.2.1):
    - QMUIKit/QMUIComponents/QMUIButton
    - QMUIKit/QMUIComponents/QMUIModalPresentationViewController
    - QMUIKit/QMUICore
  - QMUIKit/QMUIComponents/QMUIMultipleDelegates (3.2.1):
    - QMUIKit/QMUICore
  - QMUIKit/QMUIComponents/QMUINavigationButton (3.2.1):
    - QMUIKit/QMUICore
    - QMUIKit/QMUIMainFrame
  - QMUIKit/QMUIComponents/QMUINavigationTitleView (3.2.1):
    - QMUIKit/QMUIComponents/QMUIButton
    - QMUIKit/QMUICore
  - QMUIKit/QMUIComponents/QMUIOrderedDictionary (3.2.1):
    - QMUIKit/QMUICore
  - QMUIKit/QMUIComponents/QMUIPieProgressView (3.2.1):
    - QMUIKit/QMUICore
  - QMUIKit/QMUIComponents/QMUIPopupContainerView (3.2.1):
    - QMUIKit/QMUICore
    - QMUIKit/QMUIMainFrame
  - QMUIKit/QMUIComponents/QMUIPopupMenuView (3.2.1):
    - QMUIKit/QMUIComponents/QMUIButton
    - QMUIKit/QMUIComponents/QMUIPopupContainerView
    - QMUIKit/QMUICore
  - QMUIKit/QMUIComponents/QMUIScrollAnimator (3.2.1):
    - QMUIKit/QMUIComponents/QMUIMultipleDelegates
    - QMUIKit/QMUICore
  - QMUIKit/QMUIComponents/QMUISearchBar (3.2.1):
    - QMUIKit/QMUICore
  - QMUIKit/QMUIComponents/QMUISearchController (3.2.1):
    - QMUIKit/QMUIComponents/QMUIEmptyView
    - QMUIKit/QMUIComponents/QMUISearchBar
    - QMUIKit/QMUICore
    - QMUIKit/QMUIMainFrame
  - QMUIKit/QMUIComponents/QMUISegmentedControl (3.2.1):
    - QMUIKit/QMUICore
  - QMUIKit/QMUIComponents/QMUISlider (3.2.1):
    - QMUIKit/QMUICore
  - QMUIKit/QMUIComponents/QMUIStaticTableView (3.2.1):
    - QMUIKit/QMUIComponents/QMUIMultipleDelegates
    - QMUIKit/QMUIComponents/QMUITableViewCell
    - QMUIKit/QMUICore
  - QMUIKit/QMUIComponents/QMUITableView (3.2.1):
    - QMUIKit/QMUIComponents/QMUITableViewProtocols
    - QMUIKit/QMUICore
  - QMUIKit/QMUIComponents/QMUITableViewCell (3.2.1):
    - QMUIKit/QMUIComponents/QMUIButton
    - QMUIKit/QMUICore
  - QMUIKit/QMUIComponents/QMUITableViewHeaderFooterView (3.2.1):
    - QMUIKit/QMUICore
  - QMUIKit/QMUIComponents/QMUITableViewProtocols (3.2.1):
    - QMUIKit/QMUICore
  - QMUIKit/QMUIComponents/QMUITestView (3.2.1):
    - QMUIKit/QMUICore
  - QMUIKit/QMUIComponents/QMUITextField (3.2.1):
    - QMUIKit/QMUIComponents/QMUIMultipleDelegates
    - QMUIKit/QMUICore
  - QMUIKit/QMUIComponents/QMUITextView (3.2.1):
    - QMUIKit/QMUIComponents/QMUILabel
    - QMUIKit/QMUIComponents/QMUIMultipleDelegates
    - QMUIKit/QMUICore
  - QMUIKit/QMUIComponents/QMUITips (3.2.1):
    - QMUIKit/QMUIComponents/QMUIToastView
    - QMUIKit/QMUICore
    - QMUIKit/QMUIResources
  - QMUIKit/QMUIComponents/QMUIToastView (3.2.1):
    - QMUIKit/QMUIComponents/QMUIKeyboardManager
    - QMUIKit/QMUIComponents/QMUIVisualEffectView
    - QMUIKit/QMUICore
  - QMUIKit/QMUIComponents/QMUIToolbarButton (3.2.1):
    - QMUIKit/QMUICore
  - QMUIKit/QMUIComponents/QMUIVisualEffectView (3.2.1):
    - QMUIKit/QMUICore
  - QMUIKit/QMUIComponents/QMUIZoomImageView (3.2.1):
    - QMUIKit/QMUIComponents/QMUIAssetLibrary
    - QMUIKit/QMUIComponents/QMUIButton
    - QMUIKit/QMUIComponents/QMUIEmptyView
    - QMUIKit/QMUIComponents/QMUIPieProgressView
    - QMUIKit/QMUIComponents/QMUISlider
    - QMUIKit/QMUICore
  - QMUIKit/QMUICore (3.2.1):
    - QMUIKit/QMUILog
    - QMUIKit/QMUIWeakObjectContainer
  - QMUIKit/QMUILog (3.2.1)
  - QMUIKit/QMUIMainFrame (3.2.1):
    - QMUIKit/QMUIComponents/QMUIEmptyView
    - QMUIKit/QMUIComponents/QMUIKeyboardManager
    - QMUIKit/QMUIComponents/QMUIMultipleDelegates
    - QMUIKit/QMUIComponents/QMUINavigationTitleView
    - QMUIKit/QMUIComponents/QMUITableView
    - QMUIKit/QMUIComponents/QMUITableViewHeaderFooterView
    - QMUIKit/QMUICore
    - QMUIKit/QMUILog
  - QMUIKit/QMUIResources (3.2.1)
  - QMUIKit/QMUIWeakObjectContainer (3.2.1)
  - RxCocoa (5.0.0):
    - RxRelay (~> 5)
    - RxSwift (~> 5)
  - RxRelay (5.0.0):
    - RxSwift (~> 5)
  - RxSwift (5.0.0)
  - ToolCollection (0.1.3):
    - DifferenceKit
    - MMKV
    - QMUIKit
    - RxCocoa (~> 5)
    - RxSwift (~> 5)
    - YHListKit-flow
  - YHListKit-flow (1.1.6)

DEPENDENCIES:
  - ToolCollection (from `../`)

SPEC REPOS:
  https://github.com/cocoapods/specs.git:
    - DifferenceKit
    - MMKV
    - QMUIKit
    - RxCocoa
    - RxRelay
    - RxSwift
    - YHListKit-flow

EXTERNAL SOURCES:
  ToolCollection:
    :path: "../"

SPEC CHECKSUMS:
  DifferenceKit: 5018791b6c1fc839921a3c171a0a539ace6ea60c
  MMKV: 031ae51aedc0af1b250922f7ed8a6b6ee2f94c4c
  QMUIKit: a3af645843b9558eb7aaf407b320eaeb45ab6144
  RxCocoa: fcf32050ac00d801f34a7f71d5e8e7f23026dcd8
  RxRelay: 4f7409406a51a55cd88483f21ed898c234d60f18
  RxSwift: 8b0671caa829a763bbce7271095859121cbd895f
  ToolCollection: 1e97fba93d498727ef25fa86d3158b1d4182d8c9
  YHListKit-flow: 2ca9c8992c73d29360d55ef2e5a6caa0b532d57a

PODFILE CHECKSUM: ec2640ff23b27805f6482234f87cc1933497debb

COCOAPODS: 1.7.5
