PODS:
  - DifferenceKit (1.1.5):
    - DifferenceKit/Core (= 1.1.5)
    - DifferenceKit/UIKitExtension (= 1.1.5)
  - DifferenceKit/Core (1.1.5)
  - DifferenceKit/UIKitExtension (1.1.5):
    - DifferenceKit/Core
  - MMKV (1.0.24)
  - RxCocoa (5.0.1):
    - RxRelay (~> 5)
    - RxSwift (~> 5)
  - RxRelay (5.0.1):
    - RxSwift (~> 5)
  - RxSwift (5.0.1)
  - ToolCollection (0.3.2):
    - DifferenceKit
    - MMKV
    - RxCocoa (~> 5)
    - RxSwift (~> 5)
    - YHListKit-flow (~> 1.1.7)
  - YHListKit-flow (1.1.7)

DEPENDENCIES:
  - ToolCollection (from `../`)

SPEC REPOS:
  trunk:
    - DifferenceKit
    - MMKV
    - RxCocoa
    - RxRelay
    - RxSwift
    - YHListKit-flow

EXTERNAL SOURCES:
  ToolCollection:
    :path: "../"

SPEC CHECKSUMS:
  DifferenceKit: 516f12e336ed65a3a0665847b5c3cb5cad4bd4ea
  MMKV: 758b2edee46b08bdd958db4169191afb9a6d4ebd
  RxCocoa: e741b9749968e8a143e2b787f1dfbff2b63d0a5c
  RxRelay: 89d54507f4fd4d969e6ec1d4bd7f3673640b4640
  RxSwift: e2dc62b366a3adf6a0be44ba9f405efd4c94e0c4
  ToolCollection: d2249b676882847fa085667380e14529ee0a419f
  YHListKit-flow: ab83c8d2037d4b4f07b71216821be5b6c01365d3

PODFILE CHECKSUM: 458a691499bb173867991671fe9d56066bea347f

COCOAPODS: 1.8.4
