{
  "pins" : [
    {
      "identity" : "jjliso8601dateformatter",
      "kind" : "remoteSourceControl",
      "location" : "https://github.com/michaeleisel/JJLISO8601DateFormatter",
      "state" : {
        "revision" : "99fadf2e6425a0f827b1b485ea60bc2b7ecdd22c",
        "version" : "0.1.4"
      }
    },
    {
      "identity" : "yyjson",
      "kind" : "remoteSourceControl",
      "location" : "https://github.com/ibireme/yyjson",
      "state" : {
        "revision" : "c3856514de0a67d7b66939bf3ed491a2d6e61277",
        "version" : "0.5.1"
      }
    },
    {
      "identity" : "zippyjson",
      "kind" : "remoteSourceControl",
      "location" : "https://github.com/michaeleisel/ZippyJSON",
      "state" : {
        "revision" : "31b991dfec66a4489b49142e7e5c0060e434f0ec",
        "version" : "1.2.5"
      }
    },
    {
      "identity" : "zippyjsoncfamily",
      "kind" : "remoteSourceControl",
      "location" : "https://github.com/michaeleisel/ZippyJSONCFamily",
      "state" : {
        "revision" : "c55123b23f0faa898b22bf1b967e72a2df51fdb4",
        "version" : "1.2.4"
      }
    }
  ],
  "version" : 2
}
